lockfileVersion: 5.4

importers:

  .:
    specifiers:
      eo-locale: ^7.4.2
      react-i18next: ^12.1.5
      react-intl: ^6
    dependencies:
      eo-locale: 7.4.2
      react-i18next: 12.1.5
      react-intl: 6.2.8

  packages/bar:
    specifiers:
      axios: ~0.27.0
      axios-ntlm: 1.3.0
      badge-maker: ~3.3.1
      bcryptjs: ~2.4.3
      bree: ~7.1.5
      cacheable-lookup: ~6.0.4
      chardet: ~1.4.0
      check-password-strength: ^2.0.5
      dayjs: ~1.11.5
      form-data: ~4.0.0
      gamedig: ^4.0.5
      lodash: 4.17.21
    dependencies:
      axios: 0.27.2
      axios-ntlm: 1.3.0
      badge-maker: 3.3.1
      bcryptjs: 2.4.3
      bree: 7.1.5
      cacheable-lookup: 6.0.4
      chardet: 1.4.0
      check-password-strength: 2.0.7
      dayjs: 1.11.7
      form-data: 4.0.0
      gamedig: 4.0.6
      lodash: 4.17.21

  packages/foo:
    specifiers:
      '@pkg/bar': workspace:*
      axios: ~0.27.0
      axios-ntlm: 1.3.0
      lodash: 4.17.21
      react-dropzone: ^7.0.1
      react-flip-move: ^3.0.4
      react-sidebar: ^3.0.2
    dependencies:
      '@pkg/bar': link:../bar
      axios: 0.27.2
      axios-ntlm: 1.3.0
      lodash: 4.17.21
      react-dropzone: 7.0.1
      react-flip-move: 3.0.5
      react-sidebar: 3.0.2

packages:

  /@babel/runtime/7.20.13:
    resolution: {integrity: sha512-gt3PKXs0DBoL9xCvOIIZ2NEqAGZqHjAnmVbfQtB620V0uReIQutpel14KcneZuer7UioY8ALKZ7iocavvzTNFA==}
    engines: {node: '>=6.9.0'}
    dependencies:
      regenerator-runtime: 0.13.11
    dev: false

  /@breejs/later/4.1.0:
    resolution: {integrity: sha512-QgGnZ9b7o4k0Ai1ZbTJWwZpZcFK9d+Gb+DyNt4UT9x6IEIs5HVu0iIlmgzGqN+t9MoJSpSPo9S/Mm51UtHr3JA==}
    engines: {node: '>= 10'}
    dev: false

  /@eo-locale/core/1.5.1:
    resolution: {integrity: sha512-dwpJCpMApcQoxsPt6lm76YkhDSMjcHuweyUxrKeK/2844ZmCpQ9QO+F/DdQRjd14r6kh/9uPtN5ZYSCKw/DSrA==}
    engines: {node: '>= 12'}
    dev: false

  /@formatjs/ecma402-abstract/1.14.3:
    resolution: {integrity: sha512-SlsbRC/RX+/zg4AApWIFNDdkLtFbkq3LNoZWXZCE/nHVKqoIJyaoQyge/I0Y38vLxowUn9KTtXgusLD91+orbg==}
    dependencies:
      '@formatjs/intl-localematcher': 0.2.32
      tslib: 2.5.0
    dev: false

  /@formatjs/fast-memoize/1.2.8:
    resolution: {integrity: sha512-PemNUObyoIZcqdQ1ixTPugzAzhEj7j6AHIyrq/qR6x5BFTvOQeXHYsVZUqBEFduAIscUaDfou+U+xTqOiunJ3Q==}
    dependencies:
      tslib: 2.5.0
    dev: false

  /@formatjs/icu-messageformat-parser/2.2.0:
    resolution: {integrity: sha512-NT/jKI9nvqNIsosTm+Cxv3BHutB1RIDFa4rAa2b664Od4sBnXtK7afXvAqNa3XDFxljKTij9Cp+kRMJbXozUww==}
    dependencies:
      '@formatjs/ecma402-abstract': 1.14.3
      '@formatjs/icu-skeleton-parser': 1.3.18
      tslib: 2.5.0
    dev: false

  /@formatjs/icu-skeleton-parser/1.3.18:
    resolution: {integrity: sha512-ND1ZkZfmLPcHjAH1sVpkpQxA+QYfOX3py3SjKWMUVGDow18gZ0WPqz3F+pJLYQMpS2LnnQ5zYR2jPVYTbRwMpg==}
    dependencies:
      '@formatjs/ecma402-abstract': 1.14.3
      tslib: 2.5.0
    dev: false

  /@formatjs/intl-displaynames/6.2.4:
    resolution: {integrity: sha512-CmTbSjnmAZHNGuA9vBkWoDHvrcrRauDb0OWc6nk2dAPtesQdadr49Q9N18fr8IV7n3rblgKiYaFVjg68UkRxNg==}
    dependencies:
      '@formatjs/ecma402-abstract': 1.14.3
      '@formatjs/intl-localematcher': 0.2.32
      tslib: 2.5.0
    dev: false

  /@formatjs/intl-listformat/7.1.7:
    resolution: {integrity: sha512-Zzf5ruPpfJnrAA2hGgf/6pMgQ3tx9oJVhpqycFDavHl3eEzrwdHddGqGdSNwhd0bB4NAFttZNQdmKDldc5iDZw==}
    dependencies:
      '@formatjs/ecma402-abstract': 1.14.3
      '@formatjs/intl-localematcher': 0.2.32
      tslib: 2.5.0
    dev: false

  /@formatjs/intl-localematcher/0.2.32:
    resolution: {integrity: sha512-k/MEBstff4sttohyEpXxCmC3MqbUn9VvHGlZ8fauLzkbwXmVrEeyzS+4uhrvAk9DWU9/7otYWxyDox4nT/KVLQ==}
    dependencies:
      tslib: 2.5.0
    dev: false

  /@formatjs/intl/2.6.5:
    resolution: {integrity: sha512-kNH221hsdbTAMdsF6JAxSFV4N/9p5azXZvCLQBxl10Q4D2caPODLtne98gRhinIJ8Hv3djBabPdJG32OQaHuMA==}
    peerDependencies:
      typescript: ^4.7
    peerDependenciesMeta:
      typescript:
        optional: true
    dependencies:
      '@formatjs/ecma402-abstract': 1.14.3
      '@formatjs/fast-memoize': 1.2.8
      '@formatjs/icu-messageformat-parser': 2.2.0
      '@formatjs/intl-displaynames': 6.2.4
      '@formatjs/intl-listformat': 7.1.7
      intl-messageformat: 10.3.0
      tslib: 2.5.0
    dev: false

  /@sindresorhus/is/5.3.0:
    resolution: {integrity: sha512-CX6t4SYQ37lzxicAqsBtxA3OseeoVrh9cSJ5PFYam0GksYlupRfy1A+Q4aYD3zvcfECLc0zO2u+ZnR2UYKvCrw==}
    engines: {node: '>=14.16'}
    dev: false

  /@szmarczak/http-timer/5.0.1:
    resolution: {integrity: sha512-+PmQX0PiAYPMeVYe237LJAYvOMYW1j2rH5YROyS3b4CTVJum34HfRvKvAzozHAQG0TnHNdUfY9nCeUyRAs//cw==}
    engines: {node: '>=14.16'}
    dependencies:
      defer-to-connect: 2.0.1
    dev: false

  /@types/hoist-non-react-statics/3.3.1:
    resolution: {integrity: sha512-iMIqiko6ooLrTh1joXodJK5X9xeEALT1kM5G3ZLhD3hszxBdIEd5C75U834D9mLcINgD4OyZf5uQXjkuYydWvA==}
    dependencies:
      '@types/react': 18.0.28
      hoist-non-react-statics: 3.3.2
    dev: false

  /@types/http-cache-semantics/4.0.1:
    resolution: {integrity: sha512-SZs7ekbP8CN0txVG2xVRH6EgKmEm31BOxA07vkFaETzZz1xh+cbt8BcI0slpymvwhx5dlFnQG2rTlPVQn+iRPQ==}
    dev: false

  /@types/lodash/4.14.191:
    resolution: {integrity: sha512-BdZ5BCCvho3EIXw6wUCXHe7rS53AIDPLE+JzwgT+OsJk53oBfbSmZZ7CX4VaRoN78N+TJpFi9QPlfIVNmJYWxQ==}
    dev: false

  /@types/prop-types/15.7.5:
    resolution: {integrity: sha512-JCB8C6SnDoQf0cNycqd/35A7MjcnK+ZTqE7judS6o7utxUCg6imJg3QK2qzHKszlTjcj2cn+NwMB2i96ubpj7w==}
    dev: false

  /@types/react/18.0.28:
    resolution: {integrity: sha512-RD0ivG1kEztNBdoAK7lekI9M+azSnitIn85h4iOiaLjaTrMjzslhaqCGaI4IyCJ1RljWiLCEu4jyrLLgqxBTew==}
    dependencies:
      '@types/prop-types': 15.7.5
      '@types/scheduler': 0.16.2
      csstype: 3.1.1
    dev: false

  /@types/scheduler/0.16.2:
    resolution: {integrity: sha512-hppQEBDmlwhFAXKJX2KnWLYu5yMfi91yazPb2l+lbJiwW+wdo1gNeRA+3RgNSO39WYX2euey41KEwnqesU2Jew==}
    dev: false

  /amdefine/1.0.1:
    resolution: {integrity: sha512-S2Hw0TtNkMJhIabBwIojKL9YHO5T0n5eNqWJ7Lrlel/zDbftQpxpapi8tZs3X1HWa+u+QeydGmzzNU0m09+Rcg==}
    engines: {node: '>=0.4.2'}
    dev: false

  /anafanafo/2.0.0:
    resolution: {integrity: sha512-Nlfq7NC4AOkTJerWRIZcOAiMNtIDVIGWGvQ98O7Jl6Kr2Dk0dX5u4MqN778kSRTy5KRqchpLdF2RtLFEz9FVkQ==}
    dependencies:
      char-width-table-consumer: 1.0.0
    dev: false

  /any-promise/1.3.0:
    resolution: {integrity: sha512-7UvmKalWRt1wgjL1RrGxoSJW/0QZFIegpeGvZG9kjp8vrRu55XTHbwnqq2GpXm9uLbcuhxm3IqX9OB4MZR1b2A==}
    dev: false

  /asynckit/0.4.0:
    resolution: {integrity: sha512-Oei9OH4tRh0YqU3GxhX79dM/mwVgvbZJaSNaRk+bshkj0S5cfHcgYakreBjrHwatXKbz+IoIdYLxrKim2MjW0Q==}
    dev: false

  /attr-accept/1.1.3:
    resolution: {integrity: sha512-iT40nudw8zmCweivz6j58g+RT33I4KbaIvRUhjNmDwO2WmsQUxFEZZYZ5w3vXe5x5MX9D7mfvA/XaLOZYFR9EQ==}
    engines: {node: '>=4'}
    dependencies:
      core-js: 2.6.12
    dev: false

  /axios-ntlm/1.3.0:
    resolution: {integrity: sha512-NPNsIMO1SGX5scs3ZWJqsV7iRLvET+DlRl94aZ7Sx14zA8RTQh9EDxsJmxB9cKjardKfp2Vge444uYYLfvWC0Q==}
    dependencies:
      axios: 0.21.4
      dev-null: 0.1.1
    transitivePeerDependencies:
      - debug
    dev: false

  /axios/0.21.4:
    resolution: {integrity: sha512-ut5vewkiu8jjGBdqpM44XxjuCjq9LAKeHVmoVfHVzy8eHgxxq8SbAVQNovDA8mVi05kP0Ea/n/UzcSHcTJQfNg==}
    dependencies:
      follow-redirects: 1.15.2
    transitivePeerDependencies:
      - debug
    dev: false

  /axios/0.27.2:
    resolution: {integrity: sha512-t+yRIyySRTp/wua5xEr+z1q60QmLq8ABsS5O9Me1AsE5dfKqgnCFzwiCZZ/cGNd1lq4/7akDWMxdhVlucjmnOQ==}
    dependencies:
      follow-redirects: 1.15.2
      form-data: 4.0.0
    transitivePeerDependencies:
      - debug
    dev: false

  /badge-maker/3.3.1:
    resolution: {integrity: sha512-OO/PS7Zg2E6qaUWzHEHt21Q5VjcFBAJVA8ztgT/fIdSZFBUwoyeo0ZhA6V5tUM8Vcjq8DJl6jfGhpjESssyqMQ==}
    engines: {node: '>= 10', npm: '>= 5'}
    hasBin: true
    dependencies:
      anafanafo: 2.0.0
      css-color-converter: 2.0.0
    dev: false

  /barse/0.4.3:
    resolution: {integrity: sha512-UEpvriJqAn8zuVinYICuKoPttZy3XxXEoqX/V2uYAL4zzJRuNzCK3+20nAu3YUIa2U7G53kf90wfBIp9/A+Odw==}
    dependencies:
      readable-stream: 1.0.34
    dev: false

  /bcryptjs/2.4.3:
    resolution: {integrity: sha512-V/Hy/X9Vt7f3BbPJEi8BdVFMByHi+jNXrYkW3huaybV/kQ0KJg0Y6PkEMbn+zeT+i+SiKZ/HMqJGIIt4LZDqNQ==}
    dev: false

  /binary-search/1.3.6:
    resolution: {integrity: sha512-nbE1WxOTTrUWIfsfZ4aHGYu5DOuNkbxGokjV6Z2kxfJK3uaAb8zNK1muzOeipoLHZjInT4Br88BHpzevc681xA==}
    dev: false

  /boolbase/1.0.0:
    resolution: {integrity: sha512-JZOSA7Mo9sNGB8+UjSgzdLtokWAky1zbztM3WRLCbZ70/3cTANmQmOdR7y2g+J0e2WXywy1yS468tY+IruqEww==}
    dev: false

  /boolean/3.2.0:
    resolution: {integrity: sha512-d0II/GO9uf9lfUHH2BQsjxzRJZBdsjgsBiW4BvhWk/3qoKwQFjIDVN19PfX8F2D/r9PCMTtLWjYVCFrpeYUzsw==}
    dev: false

  /bree/7.1.5:
    resolution: {integrity: sha512-YAs4VQDjc6p3NhNNHBkS9NXK4wryeMq7Y/SCMcgFh0cSD4oXk7B9v53/cqzoejdelD30KEliumzrd4awka+YhQ==}
    engines: {node: '>= 12.11.0'}
    dependencies:
      '@breejs/later': 4.1.0
      boolean: 3.2.0
      combine-errors: 3.0.3
      cron-validate: 1.4.5
      debug: 4.3.4
      human-interval: 2.0.1
      is-string-and-not-blank: 0.0.2
      is-valid-path: 0.1.1
      ms: 2.1.3
      p-wait-for: 3.2.0
      safe-timers: 1.1.0
    transitivePeerDependencies:
      - supports-color
    dev: false

  /cacheable-lookup/6.0.4:
    resolution: {integrity: sha512-mbcDEZCkv2CZF4G01kr8eBd/5agkt9oCqz75tJMSIsquvRZ2sL6Hi5zGVKi/0OSC9oO1GHfJ2AV0ZIOY9vye0A==}
    engines: {node: '>=10.6.0'}
    dev: false

  /cacheable-lookup/7.0.0:
    resolution: {integrity: sha512-+qJyx4xiKra8mZrcwhjMRMUhD5NR1R8esPkzIYxX96JiecFoxAXFuz/GpR3+ev4PE1WamHip78wV0vcmPQtp8w==}
    engines: {node: '>=14.16'}
    dev: false

  /cacheable-request/10.2.7:
    resolution: {integrity: sha512-I4SA6mKgDxcxVbSt/UmIkb9Ny8qSkg6ReBHtAAXnZHk7KOSx5g3DTiAOaYzcHCs6oOdHn+bip9T48E6tMvK9hw==}
    engines: {node: '>=14.16'}
    dependencies:
      '@types/http-cache-semantics': 4.0.1
      get-stream: 6.0.1
      http-cache-semantics: 4.1.1
      keyv: 4.5.2
      mimic-response: 4.0.0
      normalize-url: 8.0.0
      responselike: 3.0.0
    dev: false

  /char-width-table-consumer/1.0.0:
    resolution: {integrity: sha512-Fz4UD0LBpxPgL9i29CJ5O4KANwaMnX/OhhbxzvNa332h+9+nRKyeuLw4wA51lt/ex67+/AdsoBQJF3kgX2feYQ==}
    dependencies:
      binary-search: 1.3.6
    dev: false

  /chardet/1.4.0:
    resolution: {integrity: sha512-NpwMDdSIprbYx1CLnfbxEIarI0Z+s9MssEgggMNheGM+WD68yOhV7IEA/3r6tr0yTRgQD0HuZJDw32s99i6L+A==}
    dev: false

  /check-password-strength/2.0.7:
    resolution: {integrity: sha512-VyklBkB6dOKnCIh63zdVr7QKVMN9/npwUqNAXxWrz8HabVZH/n/d+lyNm1O/vbXFJlT/Hytb5ouYKYGkoeZirQ==}
    dev: false

  /cheerio-select/2.1.0:
    resolution: {integrity: sha512-9v9kG0LvzrlcungtnJtpGNxY+fzECQKhK4EGJX2vByejiMX84MFNQw4UxPJl3bFbTMw+Dfs37XaIkCwTZfLh4g==}
    dependencies:
      boolbase: 1.0.0
      css-select: 5.1.0
      css-what: 6.1.0
      domelementtype: 2.3.0
      domhandler: 5.0.3
      domutils: 3.0.1
    dev: false

  /cheerio/1.0.0-rc.12:
    resolution: {integrity: sha512-VqR8m68vM46BNnuZ5NtnGBKIE/DfN0cRIzg9n40EIq9NOv90ayxLBXA8fXC5gquFRGJSTRqBq25Jt2ECLR431Q==}
    engines: {node: '>= 6'}
    dependencies:
      cheerio-select: 2.1.0
      dom-serializer: 2.0.0
      domhandler: 5.0.3
      domutils: 3.0.1
      htmlparser2: 8.0.1
      parse5: 7.1.2
      parse5-htmlparser2-tree-adapter: 7.0.0
    dev: false

  /color-convert/0.5.3:
    resolution: {integrity: sha512-RwBeO/B/vZR3dfKL1ye/vx8MHZ40ugzpyfeVG5GsiuGnrlMWe2o8wxBbLCpw9CsxV+wHuzYlCiWnybrIA0ling==}
    dev: false

  /color-name/1.1.4:
    resolution: {integrity: sha512-dOy+3AuW3a2wNbZHIuMZpTcgjGuLU/uBL/ubcZF9OXbDo8ff4O8yVp5Bf0efS8uEoYo5q4Fx7dY9OgQGXgAsQA==}
    dev: false

  /combine-errors/3.0.3:
    resolution: {integrity: sha512-C8ikRNRMygCwaTx+Ek3Yr+OuZzgZjduCOfSQBjbM8V3MfgcjSTeto/GXP6PAwKvJz/v15b7GHZvx5rOlczFw/Q==}
    dependencies:
      custom-error-instance: 2.1.1
      lodash.uniqby: 4.5.0
    dev: false

  /combined-stream/1.0.8:
    resolution: {integrity: sha512-FQN4MRfuJeHf7cBbBMJFXhKSDq+2kAArBlmRBvcvFE5BB1HZKXtSFASDhdlz9zOYwxh8lDdnvmMOe/+5cdoEdg==}
    engines: {node: '>= 0.8'}
    dependencies:
      delayed-stream: 1.0.0
    dev: false

  /commander/2.8.1:
    resolution: {integrity: sha512-+pJLBFVk+9ZZdlAOB5WuIElVPPth47hILFkmGym57aq8kwxsowvByvB0DHs1vQAhyMZzdcpTtF0VDKGkSDR4ZQ==}
    engines: {node: '>= 0.6.x'}
    dependencies:
      graceful-readlink: 1.0.1
    dev: false

  /compressjs/1.0.3:
    resolution: {integrity: sha512-jpKJjBTretQACTGLNuvnozP1JdP2ZLrjdGdBgk/tz1VfXlUcBhhSZW6vEsuThmeot/yjvSrPQKEgfF3X2Lpi8Q==}
    hasBin: true
    dependencies:
      amdefine: 1.0.1
      commander: 2.8.1
    dev: false

  /core-js/2.6.12:
    resolution: {integrity: sha512-Kb2wC0fvsWfQrgk8HU5lW6U/Lcs8+9aaYcy4ZFc6DDlo4nZ7n70dEgE5rtR0oG6ufKDUnrwfWL1mXR5ljDatrQ==}
    deprecated: core-js@<3.23.3 is no longer maintained and not recommended for usage due to the number of issues. Because of the V8 engine whims, feature detection in old core-js versions could cause a slowdown up to 100x even if nothing is polyfilled. Some versions have web compatibility issues. Please, upgrade your dependencies to the actual version of core-js.
    requiresBuild: true
    dev: false

  /core-util-is/1.0.3:
    resolution: {integrity: sha512-ZQBvi1DcpJ4GDqanjucZ2Hj3wEO5pZDS89BWbkcrvdxksJorwUDDZamX9ldFkp9aw2lmBDLgkObEA4DWNJ9FYQ==}
    dev: false

  /cron-validate/1.4.5:
    resolution: {integrity: sha512-nKlOJEnYKudMn/aNyNH8xxWczlfpaazfWV32Pcx/2St51r2bxWbGhZD7uwzMcRhunA/ZNL+Htm/i0792Z59UMQ==}
    dependencies:
      yup: 0.32.9
    dev: false

  /css-color-converter/2.0.0:
    resolution: {integrity: sha512-oLIG2soZz3wcC3aAl/7Us5RS8Hvvc6I8G8LniF/qfMmrm7fIKQ8RIDDRZeKyGL2SrWfNqYspuLShbnjBMVWm8g==}
    dependencies:
      color-convert: 0.5.3
      color-name: 1.1.4
      css-unit-converter: 1.1.2
    dev: false

  /css-select/5.1.0:
    resolution: {integrity: sha512-nwoRF1rvRRnnCqqY7updORDsuqKzqYJ28+oSMaJMMgOauh3fvwHqMS7EZpIPqK8GL+g9mKxF1vP/ZjSeNjEVHg==}
    dependencies:
      boolbase: 1.0.0
      css-what: 6.1.0
      domhandler: 5.0.3
      domutils: 3.0.1
      nth-check: 2.1.1
    dev: false

  /css-unit-converter/1.1.2:
    resolution: {integrity: sha512-IiJwMC8rdZE0+xiEZHeru6YoONC4rfPMqGm2W85jMIbkFvv5nFTwJVFHam2eFrN6txmoUYFAFXiv8ICVeTO0MA==}
    dev: false

  /css-what/6.1.0:
    resolution: {integrity: sha512-HTUrgRJ7r4dsZKU6GjmpfRK1O76h97Z8MfS1G0FozR+oF2kG6Vfe8JE6zwrkbxigziPHinCJ+gCPjA9EaBDtRw==}
    engines: {node: '>= 6'}
    dev: false

  /csstype/3.1.1:
    resolution: {integrity: sha512-DJR/VvkAvSZW9bTouZue2sSxDwdTN92uHjqeKVm+0dAqdfNykRzQ95tay8aXMBAAPpUiq4Qcug2L7neoRh2Egw==}
    dev: false

  /custom-error-instance/2.1.1:
    resolution: {integrity: sha512-p6JFxJc3M4OTD2li2qaHkDCw9SfMw82Ldr6OC9Je1aXiGfhx2W8p3GaoeaGrPJTUN9NirTM/KTxHWMUdR1rsUg==}
    dev: false

  /dayjs/1.11.7:
    resolution: {integrity: sha512-+Yw9U6YO5TQohxLcIkrXBeY73WP3ejHWVvx8XCk3gxvQDCTEmS48ZrSZCKciI7Bhl/uCMyxYtE9UqRILmFphkQ==}
    dev: false

  /debug/4.3.4:
    resolution: {integrity: sha512-PRWFHuSU3eDtQJPvnNY7Jcket1j0t5OuOsFzPPzsekD52Zl8qUfFIPEiswXqIvHWGVHOgX+7G/vCNNhehwxfkQ==}
    engines: {node: '>=6.0'}
    peerDependencies:
      supports-color: '*'
    peerDependenciesMeta:
      supports-color:
        optional: true
    dependencies:
      ms: 2.1.2
    dev: false

  /decompress-response/6.0.0:
    resolution: {integrity: sha512-aW35yZM6Bb/4oJlZncMH2LCoZtJXTRxES17vE3hoRiowU2kWHaJKFkSBDnDR+cm9J+9QhXmREyIfv0pji9ejCQ==}
    engines: {node: '>=10'}
    dependencies:
      mimic-response: 3.1.0
    dev: false

  /defer-to-connect/2.0.1:
    resolution: {integrity: sha512-4tvttepXG1VaYGrRibk5EwJd1t4udunSOVMdLSAL6mId1ix438oPwPZMALY41FCijukO1L0twNcGsdzS7dHgDg==}
    engines: {node: '>=10'}
    dev: false

  /delayed-stream/1.0.0:
    resolution: {integrity: sha512-ZySD7Nf91aLB0RxL4KGrKHBXl7Eds1DAmEdcoVawXnLD7SDhpNgtuII2aAkg7a7QS41jxPSZ17p4VdGnMHk3MQ==}
    engines: {node: '>=0.4.0'}
    dev: false

  /dev-null/0.1.1:
    resolution: {integrity: sha512-nMNZG0zfMgmdv8S5O0TM5cpwNbGKRGPCxVsr0SmA3NZZy9CYBbuNLL0PD3Acx9e5LIUgwONXtM9kM6RlawPxEQ==}
    dev: false

  /dom-serializer/2.0.0:
    resolution: {integrity: sha512-wIkAryiqt/nV5EQKqQpo3SToSOV9J0DnbJqwK7Wv/Trc92zIAYZ4FlMu+JPFW1DfGFt81ZTCGgDEabffXeLyJg==}
    dependencies:
      domelementtype: 2.3.0
      domhandler: 5.0.3
      entities: 4.4.0
    dev: false

  /domelementtype/2.3.0:
    resolution: {integrity: sha512-OLETBj6w0OsagBwdXnPdN0cnMfF9opN69co+7ZrbfPGrdpPVNBUj02spi6B1N7wChLQiPn4CSH/zJvXw56gmHw==}
    dev: false

  /domhandler/5.0.3:
    resolution: {integrity: sha512-cgwlv/1iFQiFnU96XXgROh8xTeetsnJiDsTc7TYCLFd9+/WNkIqPTxiM/8pSd8VIrhXGTf1Ny1q1hquVqDJB5w==}
    engines: {node: '>= 4'}
    dependencies:
      domelementtype: 2.3.0
    dev: false

  /domutils/3.0.1:
    resolution: {integrity: sha512-z08c1l761iKhDFtfXO04C7kTdPBLi41zwOZl00WS8b5eiaebNpY00HKbztwBq+e3vyqWNwWF3mP9YLUeqIrF+Q==}
    dependencies:
      dom-serializer: 2.0.0
      domelementtype: 2.3.0
      domhandler: 5.0.3
    dev: false

  /entities/4.4.0:
    resolution: {integrity: sha512-oYp7156SP8LkeGD0GF85ad1X9Ai79WtRsZ2gxJqtBuzH+98YUV6jkHEKlZkMbcrjJjIVJNIDP/3WL9wQkoPbWA==}
    engines: {node: '>=0.12'}
    dev: false

  /eo-locale/7.4.2:
    resolution: {integrity: sha512-nYifq/XG//LxXDMWDf30M8Qb1p8NyvExBIHX6mG5kzaF+JC198eP0/moUGJsUMXbWoxLZJMIN/ciq7sm/y4yhA==}
    engines: {node: '>= 12'}
    peerDependencies:
      react: ^16.8.0
      react-dom: ^16.8.0
    dependencies:
      '@eo-locale/core': 1.5.1
    dev: false

  /event-to-promise/0.7.0:
    resolution: {integrity: sha512-VOBBfyaADfe378ZzG0tgkzmsvzUyeU5arehrFzNRt5yaASUDshgctTwSrPI17ocAwR3+YftsxRClHF+GBKFByQ==}
    deprecated: Use promise-toolbox/fromEvent instead
    dev: false

  /follow-redirects/1.15.2:
    resolution: {integrity: sha512-VQLG33o04KaQ8uYi2tVNbdrWp1QWxNNea+nmIB4EVM28v0hmP17z7aG1+wAkNzVq4KeXTq3221ye5qTJP91JwA==}
    engines: {node: '>=4.0'}
    peerDependencies:
      debug: '*'
    peerDependenciesMeta:
      debug:
        optional: true
    dev: false

  /form-data-encoder/2.1.4:
    resolution: {integrity: sha512-yDYSgNMraqvnxiEXO4hi88+YZxaHC6QKzb5N84iRCTDeRO7ZALpir/lVmf/uXUhnwUr2O4HU8s/n6x+yNjQkHw==}
    engines: {node: '>= 14.17'}
    dev: false

  /form-data/4.0.0:
    resolution: {integrity: sha512-ETEklSGi5t0QMZuiXoA/Q6vcnxcLQP5vdugSpuAyi6SVGi2clPPp+xgEhuMaHC+zGgn31Kd235W35f7Hykkaww==}
    engines: {node: '>= 6'}
    dependencies:
      asynckit: 0.4.0
      combined-stream: 1.0.8
      mime-types: 2.1.35
    dev: false

  /gamedig/4.0.6:
    resolution: {integrity: sha512-h0k9n/e5vNrd9Mh2wyFUp2Vo7ABWbDkdBxKC6FNJLOZiU5d9Z29bntGeYbXtOkcRWoV6Q63wSAJ3jLWxYQkpZw==}
    engines: {node: '>=14.0.0'}
    hasBin: true
    dependencies:
      cheerio: 1.0.0-rc.12
      compressjs: 1.0.3
      gbxremote: 0.2.1
      got: 12.5.3
      iconv-lite: 0.6.3
      long: 5.2.1
      minimist: 1.2.8
      punycode: 2.3.0
      varint: 6.0.0
    dev: false

  /gbxremote/0.2.1:
    resolution: {integrity: sha512-SMehu6Y6ndq2Qgp9VxAb8Np3f+UUD+RWoW2SAMaxzGS96rWXyr4T1GGkecO0HHtxeH1m7pEh4FJWB8a/6aM2XQ==}
    engines: {node: '>=0.10'}
    dependencies:
      any-promise: 1.3.0
      barse: 0.4.3
      event-to-promise: 0.7.0
      string-to-stream: 1.1.1
      xmlrpc: 1.3.2
    dev: false

  /get-stream/6.0.1:
    resolution: {integrity: sha512-ts6Wi+2j3jQjqi70w5AlN8DFnkSwC+MqmxEzdEALB2qXZYV3X/b1CTfgPLGJNMeAWxdPfU8FO1ms3NUfaHCPYg==}
    engines: {node: '>=10'}
    dev: false

  /got/12.5.3:
    resolution: {integrity: sha512-8wKnb9MGU8IPGRIo+/ukTy9XLJBwDiCpIf5TVzQ9Cpol50eMTpBq2GAuDsuDIz7hTYmZgMgC1e9ydr6kSDWs3w==}
    engines: {node: '>=14.16'}
    dependencies:
      '@sindresorhus/is': 5.3.0
      '@szmarczak/http-timer': 5.0.1
      cacheable-lookup: 7.0.0
      cacheable-request: 10.2.7
      decompress-response: 6.0.0
      form-data-encoder: 2.1.4
      get-stream: 6.0.1
      http2-wrapper: 2.2.0
      lowercase-keys: 3.0.0
      p-cancelable: 3.0.0
      responselike: 3.0.0
    dev: false

  /graceful-readlink/1.0.1:
    resolution: {integrity: sha512-8tLu60LgxF6XpdbK8OW3FA+IfTNBn1ZHGHKF4KQbEeSkajYw5PlYJcKluntgegDPTg8UkHjpet1T82vk6TQ68w==}
    dev: false

  /hoist-non-react-statics/3.3.2:
    resolution: {integrity: sha512-/gGivxi8JPKWNm/W0jSmzcMPpfpPLc3dY/6GxhX2hQ9iGj3aDfklV4ET7NjKpSinLpJ5vafa9iiGIEZg10SfBw==}
    dependencies:
      react-is: 16.13.1
    dev: false

  /html-parse-stringify/3.0.1:
    resolution: {integrity: sha512-KknJ50kTInJ7qIScF3jeaFRpMpE8/lfiTdzf/twXyPBLAGrLRTmkz3AdTnKeh40X8k9L2fdYwEp/42WGXIRGcg==}
    dependencies:
      void-elements: 3.1.0
    dev: false

  /htmlparser2/8.0.1:
    resolution: {integrity: sha512-4lVbmc1diZC7GUJQtRQ5yBAeUCL1exyMwmForWkRLnwyzWBFxN633SALPMGYaWZvKe9j1pRZJpauvmxENSp/EA==}
    dependencies:
      domelementtype: 2.3.0
      domhandler: 5.0.3
      domutils: 3.0.1
      entities: 4.4.0
    dev: false

  /http-cache-semantics/4.1.1:
    resolution: {integrity: sha512-er295DKPVsV82j5kw1Gjt+ADA/XYHsajl82cGNQG2eyoPkvgUhX+nDIyelzhIWbbsXP39EHcI6l5tYs2FYqYXQ==}
    dev: false

  /http2-wrapper/2.2.0:
    resolution: {integrity: sha512-kZB0wxMo0sh1PehyjJUWRFEd99KC5TLjZ2cULC4f9iqJBAmKQQXEICjxl5iPJRwP40dpeHFqqhm7tYCvODpqpQ==}
    engines: {node: '>=10.19.0'}
    dependencies:
      quick-lru: 5.1.1
      resolve-alpn: 1.2.1
    dev: false

  /human-interval/2.0.1:
    resolution: {integrity: sha512-r4Aotzf+OtKIGQCB3odUowy4GfUDTy3aTWTfLd7ZF2gBCy3XW3v/dJLRefZnOFFnjqs5B1TypvS8WarpBkYUNQ==}
    dependencies:
      numbered: 1.1.0
    dev: false

  /iconv-lite/0.6.3:
    resolution: {integrity: sha512-4fCk79wshMdzMp2rH06qWrJE4iolqLhCUH+OiuIgU++RB0+94NlDL81atO7GX55uUKueo0txHNtvEyI6D7WdMw==}
    engines: {node: '>=0.10.0'}
    dependencies:
      safer-buffer: 2.1.2
    dev: false

  /inherits/2.0.4:
    resolution: {integrity: sha512-k/vGaX4/Yla3WzyMCvTQOXYeIHvqOKtnqBduzTHpzpQZzAskKMhZ2K+EnBiSM9zGSoIFeMpXKxa4dYeZIQqewQ==}
    dev: false

  /intl-messageformat/10.3.0:
    resolution: {integrity: sha512-FKeBZKH9T2Ue4RUXCuwY/hEaRHU8cgICevlGKog0qSBuz/amtRKNBLetBLmRxiHeEkF7JBBckC+56GIwshlRwA==}
    dependencies:
      '@formatjs/ecma402-abstract': 1.14.3
      '@formatjs/fast-memoize': 1.2.8
      '@formatjs/icu-messageformat-parser': 2.2.0
      tslib: 2.5.0
    dev: false

  /is-extglob/1.0.0:
    resolution: {integrity: sha512-7Q+VbVafe6x2T+Tu6NcOf6sRklazEPmBoB3IWk3WdGZM2iGUwU/Oe3Wtq5lSEkDTTlpp8yx+5t4pzO/i9Ty1ww==}
    engines: {node: '>=0.10.0'}
    dev: false

  /is-glob/2.0.1:
    resolution: {integrity: sha512-a1dBeB19NXsf/E0+FHqkagizel/LQw2DjSQpvQrj3zT+jYPpaUCryPnrQajXKFLCMuf4I6FhRpaGtw4lPrG6Eg==}
    engines: {node: '>=0.10.0'}
    dependencies:
      is-extglob: 1.0.0
    dev: false

  /is-invalid-path/0.1.0:
    resolution: {integrity: sha512-aZMG0T3F34mTg4eTdszcGXx54oiZ4NtHSft3hWNJMGJXUUqdIj3cOZuHcU0nCWWcY3jd7yRe/3AEm3vSNTpBGQ==}
    engines: {node: '>=0.10.0'}
    dependencies:
      is-glob: 2.0.1
    dev: false

  /is-string-and-not-blank/0.0.2:
    resolution: {integrity: sha512-FyPGAbNVyZpTeDCTXnzuwbu9/WpNXbCfbHXLpCRpN4GANhS00eEIP5Ef+k5HYSNIzIhdN9zRDoBj6unscECvtQ==}
    engines: {node: '>=6.4.0'}
    dependencies:
      is-string-blank: 1.0.1
    dev: false

  /is-string-blank/1.0.1:
    resolution: {integrity: sha512-9H+ZBCVs3L9OYqv8nuUAzpcT9OTgMD1yAWrG7ihlnibdkbtB850heAmYWxHuXc4CHy4lKeK69tN+ny1K7gBIrw==}
    dev: false

  /is-valid-path/0.1.1:
    resolution: {integrity: sha512-+kwPrVDu9Ms03L90Qaml+79+6DZHqHyRoANI6IsZJ/g8frhnfchDOBCa0RbQ6/kdHt5CS5OeIEyrYznNuVN+8A==}
    engines: {node: '>=0.10.0'}
    dependencies:
      is-invalid-path: 0.1.0
    dev: false

  /isarray/0.0.1:
    resolution: {integrity: sha512-D2S+3GLxWH+uhrNEcoh/fnmYeP8E8/zHl644d/jdA0g2uyXvy3sb0qxotE+ne0LtccHknQzWwZEzhak7oJ0COQ==}
    dev: false

  /isarray/1.0.0:
    resolution: {integrity: sha512-VLghIWNM6ELQzo7zwmcg0NmTVyWKYjvIeM83yjp0wRDTmUnrM678fQbcKBo6n2CJEF0szoG//ytg+TKla89ALQ==}
    dev: false

  /js-tokens/4.0.0:
    resolution: {integrity: sha512-RdJUflcE3cUzKiMqQgsCu06FPu9UdIJO0beYbPhHN4k6apgJtifcoCtT9bcxOpYBtpD2kCM6Sbzg4CausW/PKQ==}
    dev: false

  /json-buffer/3.0.1:
    resolution: {integrity: sha512-4bV5BfR2mqfQTJm+V5tPPdf+ZpuhiIvTuAB5g8kcrXOZpTT/QwwVRWBywX1ozr6lEuPdbHxwaJlm9G6mI2sfSQ==}
    dev: false

  /keyv/4.5.2:
    resolution: {integrity: sha512-5MHbFaKn8cNSmVW7BYnijeAVlE4cYA/SVkifVgrh7yotnfhKmjuXpDKjrABLnT0SfHWV21P8ow07OGfRrNDg8g==}
    dependencies:
      json-buffer: 3.0.1
    dev: false

  /lodash-es/4.17.21:
    resolution: {integrity: sha512-mKnC+QJ9pWVzv+C4/U3rRsHapFfHvQFoFB92e52xeyGMcX6/OlIl78je1u8vePzYZSkkogMPJ2yjxxsb89cxyw==}
    dev: false

  /lodash._baseiteratee/4.7.0:
    resolution: {integrity: sha512-nqB9M+wITz0BX/Q2xg6fQ8mLkyfF7MU7eE+MNBNjTHFKeKaZAPEzEg+E8LWxKWf1DQVflNEn9N49yAuqKh2mWQ==}
    dependencies:
      lodash._stringtopath: 4.8.0
    dev: false

  /lodash._basetostring/4.12.0:
    resolution: {integrity: sha512-SwcRIbyxnN6CFEEK4K1y+zuApvWdpQdBHM/swxP962s8HIxPO3alBH5t3m/dl+f4CMUug6sJb7Pww8d13/9WSw==}
    dev: false

  /lodash._baseuniq/4.6.0:
    resolution: {integrity: sha512-Ja1YevpHZctlI5beLA7oc5KNDhGcPixFhcqSiORHNsp/1QTv7amAXzw+gu4YOvErqVlMVyIJGgtzeepCnnur0A==}
    dependencies:
      lodash._createset: 4.0.3
      lodash._root: 3.0.1
    dev: false

  /lodash._createset/4.0.3:
    resolution: {integrity: sha512-GTkC6YMprrJZCYU3zcqZj+jkXkrXzq3IPBcF/fIPpNEAB4hZEtXU8zp/RwKOvZl43NUmwDbyRk3+ZTbeRdEBXA==}
    dev: false

  /lodash._root/3.0.1:
    resolution: {integrity: sha512-O0pWuFSK6x4EXhM1dhZ8gchNtG7JMqBtrHdoUFUWXD7dJnNSUze1GuyQr5sOs0aCvgGeI3o/OJW8f4ca7FDxmQ==}
    dev: false

  /lodash._stringtopath/4.8.0:
    resolution: {integrity: sha512-SXL66C731p0xPDC5LZg4wI5H+dJo/EO4KTqOMwLYCH3+FmmfAKJEZCm6ohGpI+T1xwsDsJCfL4OnhorllvlTPQ==}
    dependencies:
      lodash._basetostring: 4.12.0
    dev: false

  /lodash.uniqby/4.5.0:
    resolution: {integrity: sha512-IRt7cfTtHy6f1aRVA5n7kT8rgN3N1nH6MOWLcHfpWG2SH19E3JksLK38MktLxZDhlAjCP9jpIXkOnRXlu6oByQ==}
    dependencies:
      lodash._baseiteratee: 4.7.0
      lodash._baseuniq: 4.6.0
    dev: false

  /lodash/4.17.21:
    resolution: {integrity: sha512-v2kDEe57lecTulaDIuNTPy3Ry4gLGJ6Z1O3vE1krgXZNrsQ+LFTGHVxVjcXPs17LhbZVGedAJv8XZ1tvj5FvSg==}
    dev: false

  /long/5.2.1:
    resolution: {integrity: sha512-GKSNGeNAtw8IryjjkhZxuKB3JzlcLTwjtiQCHKvqQet81I93kXslhDQruGI/QsddO83mcDToBVy7GqGS/zYf/A==}
    dev: false

  /loose-envify/1.4.0:
    resolution: {integrity: sha512-lyuxPGr/Wfhrlem2CL/UcnUc1zcqKAImBDzukY7Y5F/yQiNdko6+fRLevlw1HgMySw7f611UIY408EtxRSoK3Q==}
    hasBin: true
    dependencies:
      js-tokens: 4.0.0
    dev: false

  /lowercase-keys/3.0.0:
    resolution: {integrity: sha512-ozCC6gdQ+glXOQsveKD0YsDy8DSQFjDTz4zyzEHNV5+JP5D62LmfDZ6o1cycFx9ouG940M5dE8C8CTewdj2YWQ==}
    engines: {node: ^12.20.0 || ^14.13.1 || >=16.0.0}
    dev: false

  /mime-db/1.52.0:
    resolution: {integrity: sha512-sPU4uV7dYlvtWJxwwxHD0PuihVNiE7TyAbQ5SWxDCB9mUYvOgroQOwYQQOKPJ8CIbE+1ETVlOoK1UC2nU3gYvg==}
    engines: {node: '>= 0.6'}
    dev: false

  /mime-types/2.1.35:
    resolution: {integrity: sha512-ZDY+bPm5zTTF+YpCrAU9nK0UgICYPT0QtT1NZWFv4s++TNkcgVaT0g6+4R2uI4MjQjzysHB1zxuWL50hzaeXiw==}
    engines: {node: '>= 0.6'}
    dependencies:
      mime-db: 1.52.0
    dev: false

  /mimic-response/3.1.0:
    resolution: {integrity: sha512-z0yWI+4FDrrweS8Zmt4Ej5HdJmky15+L2e6Wgn3+iK5fWzb6T3fhNFq2+MeTRb064c6Wr4N/wv0DzQTjNzHNGQ==}
    engines: {node: '>=10'}
    dev: false

  /mimic-response/4.0.0:
    resolution: {integrity: sha512-e5ISH9xMYU0DzrT+jl8q2ze9D6eWBto+I8CNpe+VI+K2J/F/k3PdkdTdz4wvGVH4NTpo+NRYTVIuMQEMMcsLqg==}
    engines: {node: ^12.20.0 || ^14.13.1 || >=16.0.0}
    dev: false

  /minimist/1.2.8:
    resolution: {integrity: sha512-2yyAR8qBkN3YuheJanUpWC5U3bb5osDywNB8RzDVlDwDHbocAJveqqj1u8+SVD7jkWT4yvsHCpWqqWqAxb0zCA==}
    dev: false

  /ms/2.1.2:
    resolution: {integrity: sha512-sGkPx+VjMtmA6MX27oA4FBFELFCZZ4S4XqeGOXCv68tT+jb3vk/RyaKWP0PTKyWtmLSM0b+adUTEvbs1PEaH2w==}
    dev: false

  /ms/2.1.3:
    resolution: {integrity: sha512-6FlzubTLZG3J2a/NVCAleEhjzq5oxgHyaCU9yYXvcLsvoVaHJq/s5xXI6/XXP6tz7R9xAOtHnSO/tXtF3WRTlA==}
    dev: false

  /nanoclone/0.2.1:
    resolution: {integrity: sha512-wynEP02LmIbLpcYw8uBKpcfF6dmg2vcpKqxeH5UcoKEYdExslsdUA4ugFauuaeYdTB76ez6gJW8XAZ6CgkXYxA==}
    dev: false

  /normalize-url/8.0.0:
    resolution: {integrity: sha512-uVFpKhj5MheNBJRTiMZ9pE/7hD1QTeEvugSJW/OmLzAp78PB5O6adfMNTvmfKhXBkvCzC+rqifWcVYpGFwTjnw==}
    engines: {node: '>=14.16'}
    dev: false

  /nth-check/2.1.1:
    resolution: {integrity: sha512-lqjrjmaOoAnWfMmBPL+XNnynZh2+swxiX3WUE0s4yEHI6m+AwrK2UZOimIRl3X/4QctVqS8AiZjFqyOGrMXb/w==}
    dependencies:
      boolbase: 1.0.0
    dev: false

  /numbered/1.1.0:
    resolution: {integrity: sha512-pv/ue2Odr7IfYOO0byC1KgBI10wo5YDauLhxY6/saNzAdAs0r1SotGCPzzCLNPL0xtrAwWRialLu23AAu9xO1g==}
    dev: false

  /object-assign/4.1.1:
    resolution: {integrity: sha512-rJgTQnkUnH1sFw8yT6VSU3zD3sWmu6sZhIseY8VX+GRu3P6F7Fu+JNDoXfklElbLJSnc3FUQHVe4cU5hj+BcUg==}
    engines: {node: '>=0.10.0'}
    dev: false

  /p-cancelable/3.0.0:
    resolution: {integrity: sha512-mlVgR3PGuzlo0MmTdk4cXqXWlwQDLnONTAg6sm62XkMJEiRxN3GL3SffkYvqwonbkJBcrI7Uvv5Zh9yjvn2iUw==}
    engines: {node: '>=12.20'}
    dev: false

  /p-finally/1.0.0:
    resolution: {integrity: sha512-LICb2p9CB7FS+0eR1oqWnHhp0FljGLZCWBE9aix0Uye9W8LTQPwMTYVGWQWIw9RdQiDg4+epXQODwIYJtSJaow==}
    engines: {node: '>=4'}
    dev: false

  /p-timeout/3.2.0:
    resolution: {integrity: sha512-rhIwUycgwwKcP9yTOOFK/AKsAopjjCakVqLHePO3CC6Mir1Z99xT+R63jZxAT5lFZLa2inS5h+ZS2GvR99/FBg==}
    engines: {node: '>=8'}
    dependencies:
      p-finally: 1.0.0
    dev: false

  /p-wait-for/3.2.0:
    resolution: {integrity: sha512-wpgERjNkLrBiFmkMEjuZJEWKKDrNfHCKA1OhyN1wg1FrLkULbviEy6py1AyJUgZ72YWFbZ38FIpnqvVqAlDUwA==}
    engines: {node: '>=8'}
    dependencies:
      p-timeout: 3.2.0
    dev: false

  /parse5-htmlparser2-tree-adapter/7.0.0:
    resolution: {integrity: sha512-B77tOZrqqfUfnVcOrUvfdLbz4pu4RopLD/4vmu3HUPswwTA8OH0EMW9BlWR2B0RCoiZRAHEUu7IxeP1Pd1UU+g==}
    dependencies:
      domhandler: 5.0.3
      parse5: 7.1.2
    dev: false

  /parse5/7.1.2:
    resolution: {integrity: sha512-Czj1WaSVpaoj0wbhMzLmWD69anp2WH7FXMB9n1Sy8/ZFF9jolSQVMu1Ij5WIyGmcBmhk7EOndpO4mIpihVqAXw==}
    dependencies:
      entities: 4.4.0
    dev: false

  /process-nextick-args/2.0.1:
    resolution: {integrity: sha512-3ouUOpQhtgrbOa17J7+uxOTpITYWaGP7/AhoR3+A+/1e9skrzelGi/dXzEYyvbxubEF6Wn2ypscTKiKJFFn1ag==}
    dev: false

  /prop-types/15.8.1:
    resolution: {integrity: sha512-oj87CgZICdulUohogVAR7AjlC0327U4el4L6eAvOqCeudMDVU0NThNaV+b9Df4dXgSP1gXMTnPdhfe/2qDH5cg==}
    dependencies:
      loose-envify: 1.4.0
      object-assign: 4.1.1
      react-is: 16.13.1
    dev: false

  /property-expr/2.0.5:
    resolution: {integrity: sha512-IJUkICM5dP5znhCckHSv30Q4b5/JA5enCtkRHYaOVOAocnH/1BQEYTC5NMfT3AVl/iXKdr3aqQbQn9DxyWknwA==}
    dev: false

  /punycode/2.3.0:
    resolution: {integrity: sha512-rRV+zQD8tVFys26lAGR9WUuS4iUAngJScM+ZRSKtvl5tKeZ2t5bvdNFdNHBW9FWR4guGHlgmsZ1G7BSm2wTbuA==}
    engines: {node: '>=6'}
    dev: false

  /quick-lru/5.1.1:
    resolution: {integrity: sha512-WuyALRjWPDGtt/wzJiadO5AXY+8hZ80hVpe6MyivgraREW751X3SbhRvG3eLKOYN+8VEvqLcf3wdnt44Z4S4SA==}
    engines: {node: '>=10'}
    dev: false

  /react-dropzone/7.0.1:
    resolution: {integrity: sha512-J4rbzhFZPVW7k7K9CVb0OcwSOJGLWa0y+0rvtB4rBLVkvq0agH/o3kPJ0DCkd6ZVzL2K1NFqIOvtQkwQKpmJBA==}
    engines: {node: '>= 6'}
    peerDependencies:
      react: '>=0.14.0'
    dependencies:
      attr-accept: 1.1.3
      prop-types: 15.8.1
    dev: false

  /react-flip-move/3.0.5:
    resolution: {integrity: sha512-Mf4XpbkUNZy9eu80iXXFIjToDvw+bnHxmKHVoositbMpV87O/EQswnXUqVovRHoTx/F+4dE+p//PyJnAT7OtPA==}
    peerDependencies:
      react: '>=16.3.x'
      react-dom: '>=16.3.x'
    dev: false

  /react-i18next/12.1.5:
    resolution: {integrity: sha512-7PQAv6DA0TcStG96fle+8RfTwxVbHVlZZJPoEszwUNvDuWpGldJmNWa3ZPesEsZQZGF6GkzwvEh6p57qpFD2gQ==}
    peerDependencies:
      i18next: '>= 19.0.0'
      react: '>= 16.8.0'
      react-dom: '*'
      react-native: '*'
    peerDependenciesMeta:
      react-dom:
        optional: true
      react-native:
        optional: true
    dependencies:
      '@babel/runtime': 7.20.13
      html-parse-stringify: 3.0.1
    dev: false

  /react-intl/6.2.8:
    resolution: {integrity: sha512-Njzmbmk58rBx6i0bGQbBLYj+KbR9IXbFfbK2u0AFayjDx+VJW30MdJV6aNL9EiPaXfcOcAYm31R777e/UHWeEw==}
    peerDependencies:
      react: ^16.6.0 || 17 || 18
      typescript: ^4.7
    peerDependenciesMeta:
      typescript:
        optional: true
    dependencies:
      '@formatjs/ecma402-abstract': 1.14.3
      '@formatjs/icu-messageformat-parser': 2.2.0
      '@formatjs/intl': 2.6.5
      '@formatjs/intl-displaynames': 6.2.4
      '@formatjs/intl-listformat': 7.1.7
      '@types/hoist-non-react-statics': 3.3.1
      '@types/react': 18.0.28
      hoist-non-react-statics: 3.3.2
      intl-messageformat: 10.3.0
      tslib: 2.5.0
    dev: false

  /react-is/16.13.1:
    resolution: {integrity: sha512-24e6ynE2H+OKt4kqsOvNd8kBpV65zoxbA4BVsEOB3ARVWQki/DHzaUoC5KuON/BiccDaCCTZBuOcfZs70kR8bQ==}
    dev: false

  /react-sidebar/3.0.2:
    resolution: {integrity: sha512-LG/JO1cJvdRqSmUT+DOhJrml/b45/UqM9nm8emcgbJb5EKNegKCObZcrRqyzVix42VfFf0odytviAAFEYYTu1Q==}
    peerDependencies:
      react: '>=16.4.2'
      react-dom: '>=16.4.2'
    dependencies:
      '@babel/runtime': 7.20.13
      prop-types: 15.8.1
    dev: false

  /readable-stream/1.0.34:
    resolution: {integrity: sha512-ok1qVCJuRkNmvebYikljxJA/UEsKwLl2nI1OmaqAu4/UE+h0wKCHok4XkL/gvi39OacXvw59RJUOFUkDib2rHg==}
    dependencies:
      core-util-is: 1.0.3
      inherits: 2.0.4
      isarray: 0.0.1
      string_decoder: 0.10.31
    dev: false

  /readable-stream/2.3.7:
    resolution: {integrity: sha512-Ebho8K4jIbHAxnuxi7o42OrZgF/ZTNcsZj6nRKyUmkhLFq8CHItp/fy6hQZuZmP/n3yZ9VBUbp4zz/mX8hmYPw==}
    dependencies:
      core-util-is: 1.0.3
      inherits: 2.0.4
      isarray: 1.0.0
      process-nextick-args: 2.0.1
      safe-buffer: 5.1.2
      string_decoder: 1.1.1
      util-deprecate: 1.0.2
    dev: false

  /regenerator-runtime/0.13.11:
    resolution: {integrity: sha512-kY1AZVr2Ra+t+piVaJ4gxaFaReZVH40AKNo7UCX6W+dEwBo/2oZJzqfuN1qLq1oL45o56cPaTXELwrTh8Fpggg==}
    dev: false

  /resolve-alpn/1.2.1:
    resolution: {integrity: sha512-0a1F4l73/ZFZOakJnQ3FvkJ2+gSTQWz/r2KE5OdDY0TxPm5h4GkqkWWfM47T7HsbnOtcJVEF4epCVy6u7Q3K+g==}
    dev: false

  /responselike/3.0.0:
    resolution: {integrity: sha512-40yHxbNcl2+rzXvZuVkrYohathsSJlMTXKryG5y8uciHv1+xDLHQpgjG64JUO9nrEq2jGLH6IZ8BcZyw3wrweg==}
    engines: {node: '>=14.16'}
    dependencies:
      lowercase-keys: 3.0.0
    dev: false

  /safe-buffer/5.1.2:
    resolution: {integrity: sha512-Gd2UZBJDkXlY7GbJxfsE8/nvKkUEU1G38c1siN6QP6a9PT9MmHB8GnpscSmMJSoF8LOIrt8ud/wPtojys4G6+g==}
    dev: false

  /safe-timers/1.1.0:
    resolution: {integrity: sha512-9aqY+v5eMvmRaluUEtdRThV1EjlSElzO7HuCj0sTW9xvp++8iJ9t/RWGNWV6/WHcUJLHpyT2SNf/apoKTU2EpA==}
    dev: false

  /safer-buffer/2.1.2:
    resolution: {integrity: sha512-YZo3K82SD7Riyi0E1EQPojLz7kpepnSQI9IyPbHHg1XXXevb5dJI7tpyN2ADxGcQbHG7vcyRHk0cbwqcQriUtg==}
    dev: false

  /sax/1.2.4:
    resolution: {integrity: sha512-NqVDv9TpANUjFm0N8uM5GxL36UgKi9/atZw+x7YFnQ8ckwFGKrl4xX4yWtrey3UJm5nP1kUbnYgLopqWNSRhWw==}
    dev: false

  /string-to-stream/1.1.1:
    resolution: {integrity: sha512-QySF2+3Rwq0SdO3s7BAp4x+c3qsClpPQ6abAmb0DGViiSBAkT5kL6JT2iyzEVP+T1SmzHrQD1TwlP9QAHCc+Sw==}
    dependencies:
      inherits: 2.0.4
      readable-stream: 2.3.7
    dev: false

  /string_decoder/0.10.31:
    resolution: {integrity: sha512-ev2QzSzWPYmy9GuqfIVildA4OdcGLeFZQrq5ys6RtiuF+RQQiZWr8TZNyAcuVXyQRYfEO+MsoB/1BuQVhOJuoQ==}
    dev: false

  /string_decoder/1.1.1:
    resolution: {integrity: sha512-n/ShnvDi6FHbbVfviro+WojiFzv+s8MPMHBczVePfUpDJLwoLT0ht1l4YwBCbi8pJAveEEdnkHyPyTP/mzRfwg==}
    dependencies:
      safe-buffer: 5.1.2
    dev: false

  /toposort/2.0.2:
    resolution: {integrity: sha512-0a5EOkAUp8D4moMi2W8ZF8jcga7BgZd91O/yabJCFY8az+XSzeGyTKs0Aoo897iV1Nj6guFq8orWDS96z91oGg==}
    dev: false

  /tslib/2.5.0:
    resolution: {integrity: sha512-336iVw3rtn2BUK7ORdIAHTyxHGRIHVReokCR3XjbckJMK7ms8FysBfhLR8IXnAgy7T0PTPNBWKiH514FOW/WSg==}
    dev: false

  /util-deprecate/1.0.2:
    resolution: {integrity: sha512-EPD5q1uXyFxJpCrLnCc1nHnq3gOa6DZBocAIiI2TaSCA7VCJ1UJDMagCzIkXNsUYfD1daK//LTEQ8xiIbrHtcw==}
    dev: false

  /varint/6.0.0:
    resolution: {integrity: sha512-cXEIW6cfr15lFv563k4GuVuW/fiwjknytD37jIOLSdSWuOI6WnO/oKwmP2FQTU2l01LP8/M5TSAJpzUaGe3uWg==}
    dev: false

  /void-elements/3.1.0:
    resolution: {integrity: sha512-Dhxzh5HZuiHQhbvTW9AMetFfBHDMYpo23Uo9btPXgdYP+3T5S+p+jgNy7spra+veYhBP2dCSgxR/i2Y02h5/6w==}
    engines: {node: '>=0.10.0'}
    dev: false

  /xmlbuilder/8.2.2:
    resolution: {integrity: sha512-eKRAFz04jghooy8muekqzo8uCSVNeyRedbuJrp0fovbLIi7wlsYtdUn3vBAAPq2Y3/0xMz2WMEUQ8yhVVO9Stw==}
    engines: {node: '>=4.0'}
    dev: false

  /xmlrpc/1.3.2:
    resolution: {integrity: sha512-jQf5gbrP6wvzN71fgkcPPkF4bF/Wyovd7Xdff8d6/ihxYmgETQYSuTc+Hl+tsh/jmgPLro/Aro48LMFlIyEKKQ==}
    engines: {node: '>=0.8', npm: '>=1.0.0'}
    dependencies:
      sax: 1.2.4
      xmlbuilder: 8.2.2
    dev: false

  /yup/0.32.9:
    resolution: {integrity: sha512-Ci1qN+i2H0XpY7syDQ0k5zKQ/DoxO0LzPg8PAR/X4Mpj6DqaeCoIYEEjDJwhArh3Fa7GWbQQVDZKeXYlSH4JMg==}
    engines: {node: '>=10'}
    dependencies:
      '@babel/runtime': 7.20.13
      '@types/lodash': 4.14.191
      lodash: 4.17.21
      lodash-es: 4.17.21
      nanoclone: 0.2.1
      property-expr: 2.0.5
      toposort: 2.0.2
    dev: false
